
Microsoft Visual Studio Solution File, Format Version 12.00
# Visual Studio Version 17
VisualStudioVersion = 17.10.35027.167
MinimumVisualStudioVersion = 10.0.40219.1
Project("{9A19103F-16F7-4668-BE54-9A1E7A4F7556}") = "CDI OmniService", "Integrador Com CRM\CDI OmniService.csproj", "{D417C0E3-0034-492E-9E61-54F278169EF1}"
EndProject
Project("{9A19103F-16F7-4668-BE54-9A1E7A4F7556}") = "MigratorDB", "MigratorDB\MigratorDB\MigratorDB.csproj", "{27B34D60-2DCD-4CEA-B3CE-C7DF4F85DE07}"
EndProject
Project("{9A19103F-16F7-4668-BE54-9A1E7A4F7556}") = "DataBase.IntegradorCRM", "DataBase.IntegradorCRM\DataBase.IntegradorCRM\DataBase.IntegradorCRM.csproj", "{E19B12A1-64CE-4C69-91EC-55A2566FF81B}"
EndProject
Project("{9A19103F-16F7-4668-BE54-9A1E7A4F7556}") = "Modelos.IntegradorCRM", "Modelos.IntegradorCRM\Modelos.IntegradorCRM\Modelos.IntegradorCRM.csproj", "{BE2A24FF-4462-4638-83FB-D25E2F7E8CC9}"
EndProject
Project("{9A19103F-16F7-4668-BE54-9A1E7A4F7556}") = "Aplication.IntegradorCRM", "Aplication.IntegradorCRM\Aplication.IntegradorCRM.csproj", "{E05143E8-D86D-4917-BAD3-22308D731E02}"
EndProject
Project("{9A19103F-16F7-4668-BE54-9A1E7A4F7556}") = "Metodos.IntegradorCRM", "Metodos.IntegradorCRM\Metodos.IntegradorCRM.csproj", "{907B6399-DDC8-4A17-8583-D36BCE107F51}"
EndProject
Project("{9A19103F-16F7-4668-BE54-9A1E7A4F7556}") = "Gerador de Linceça", "Gerador de Linceça\Gerador de Linceça.csproj", "{1D656AC2-D761-4A40-A861-C74958B5CB0C}"
EndProject
Global
	GlobalSection(SolutionConfigurationPlatforms) = preSolution
		Debug|Any CPU = Debug|Any CPU
		Release|Any CPU = Release|Any CPU
	EndGlobalSection
	GlobalSection(ProjectConfigurationPlatforms) = postSolution
		{D417C0E3-0034-492E-9E61-54F278169EF1}.Debug|Any CPU.ActiveCfg = Debug|Any CPU
		{D417C0E3-0034-492E-9E61-54F278169EF1}.Debug|Any CPU.Build.0 = Debug|Any CPU
		{D417C0E3-0034-492E-9E61-54F278169EF1}.Release|Any CPU.ActiveCfg = Release|Any CPU
		{D417C0E3-0034-492E-9E61-54F278169EF1}.Release|Any CPU.Build.0 = Release|Any CPU
		{27B34D60-2DCD-4CEA-B3CE-C7DF4F85DE07}.Debug|Any CPU.ActiveCfg = Debug|Any CPU
		{27B34D60-2DCD-4CEA-B3CE-C7DF4F85DE07}.Debug|Any CPU.Build.0 = Debug|Any CPU
		{27B34D60-2DCD-4CEA-B3CE-C7DF4F85DE07}.Release|Any CPU.ActiveCfg = Release|Any CPU
		{27B34D60-2DCD-4CEA-B3CE-C7DF4F85DE07}.Release|Any CPU.Build.0 = Release|Any CPU
		{E19B12A1-64CE-4C69-91EC-55A2566FF81B}.Debug|Any CPU.ActiveCfg = Debug|Any CPU
		{E19B12A1-64CE-4C69-91EC-55A2566FF81B}.Debug|Any CPU.Build.0 = Debug|Any CPU
		{E19B12A1-64CE-4C69-91EC-55A2566FF81B}.Release|Any CPU.ActiveCfg = Release|Any CPU
		{E19B12A1-64CE-4C69-91EC-55A2566FF81B}.Release|Any CPU.Build.0 = Release|Any CPU
		{BE2A24FF-4462-4638-83FB-D25E2F7E8CC9}.Debug|Any CPU.ActiveCfg = Debug|Any CPU
		{BE2A24FF-4462-4638-83FB-D25E2F7E8CC9}.Debug|Any CPU.Build.0 = Debug|Any CPU
		{BE2A24FF-4462-4638-83FB-D25E2F7E8CC9}.Release|Any CPU.ActiveCfg = Release|Any CPU
		{BE2A24FF-4462-4638-83FB-D25E2F7E8CC9}.Release|Any CPU.Build.0 = Release|Any CPU
		{E05143E8-D86D-4917-BAD3-22308D731E02}.Debug|Any CPU.ActiveCfg = Debug|Any CPU
		{E05143E8-D86D-4917-BAD3-22308D731E02}.Debug|Any CPU.Build.0 = Debug|Any CPU
		{E05143E8-D86D-4917-BAD3-22308D731E02}.Release|Any CPU.ActiveCfg = Release|Any CPU
		{E05143E8-D86D-4917-BAD3-22308D731E02}.Release|Any CPU.Build.0 = Release|Any CPU
		{907B6399-DDC8-4A17-8583-D36BCE107F51}.Debug|Any CPU.ActiveCfg = Debug|Any CPU
		{907B6399-DDC8-4A17-8583-D36BCE107F51}.Debug|Any CPU.Build.0 = Debug|Any CPU
		{907B6399-DDC8-4A17-8583-D36BCE107F51}.Release|Any CPU.ActiveCfg = Release|Any CPU
		{907B6399-DDC8-4A17-8583-D36BCE107F51}.Release|Any CPU.Build.0 = Release|Any CPU
		{1D656AC2-D761-4A40-A861-C74958B5CB0C}.Debug|Any CPU.ActiveCfg = Debug|Any CPU
		{1D656AC2-D761-4A40-A861-C74958B5CB0C}.Debug|Any CPU.Build.0 = Debug|Any CPU
		{1D656AC2-D761-4A40-A861-C74958B5CB0C}.Release|Any CPU.ActiveCfg = Release|Any CPU
		{1D656AC2-D761-4A40-A861-C74958B5CB0C}.Release|Any CPU.Build.0 = Release|Any CPU
	EndGlobalSection
	GlobalSection(SolutionProperties) = preSolution
		HideSolutionNode = FALSE
	EndGlobalSection
	GlobalSection(ExtensibilityGlobals) = postSolution
		SolutionGuid = {2E7F7F26-D33B-45D6-B75D-C0E3148D6020}
	EndGlobalSection
EndGlobal
